# Caramel Vanilla offline voice stack provenance
# SHA-256 values were recorded on 2026-08-06 through 2026-08-08.

## Caramel source

* Repository: https://github.com/radiosound-com/android_packages_apps_Caramel_Voice
* License: Apache-2.0 (see ../LICENSE)
* Build: `ANDROID_HOME=/path/to/sdk ./gradlew assembleRelease`

## Vosk Android runtime

* Artifact: `com.alphacephei:vosk-android:0.3.75`
* Download: https://repo1.maven.org/maven2/com/alphacephei/vosk-android/0.3.75/vosk-android-0.3.75.aar
* Source snapshot: `provenance/sources/vosk-android-0.3.75-sources.jar`
* Source artifact: https://repo1.maven.org/maven2/com/alphacephei/vosk-android/0.3.75/vosk-android-0.3.75-sources.jar
* Upstream source: https://github.com/alphacep/vosk-api/tree/master/android
* License: Apache-2.0; notice in `../LICENSES/Vosk-Apache-2.0.txt`
* AAR SHA-256: `ab2f8b91ac8051561aa325546b35fed9a68b36b8121bac5c6fb927525c4adfad`
* Sources SHA-256: `e4c65b8b5bc6eda351c5fb29cfa4249f29bc9e8b5e346d168185815f59954446`
* `BufferedSpeechService.java` is an Apache-2.0 adaptation of upstream
  `org/vosk/android/SpeechService.java`; the complete corresponding upstream
  file is retained in the pinned sources JAR above.

## Vosk model

* Artifact: `vosk-model-small-en-us-0.15.zip`
* Download: https://alphacephei.com/vosk/models/vosk-model-small-en-us-0.15.zip
* License: Apache-2.0, per the Vosk model catalog; model README copyright is
  Alpha Cephei Inc. The README is retained inside the archive.
* SHA-256: `30f26242c4eb449f948e42cb302dd7a686cb29a3423a8367f99ff41780942498`

## Vosk large-graph model

* Artifact: `vosk-model-en-us-0.22-lgraph.zip`
* Download: https://alphacephei.com/vosk/models/vosk-model-en-us-0.22-lgraph.zip
* License: Apache-2.0, per the Vosk model catalog; the model README is
  retained inside the archive.
* SHA-256: `d9838b4aaa82a75c4a17f5aca300eaca129aaab2a7cbf951bafbb500eb9c4334`
* Archive size: 125 MiB; unpacked size: approximately 204 MiB.
* Product use: included by `aosp_rpi5_car_lgraph`,
  `aosp_rpi5_car_lgraph_kokoro`; `aosp_rpi5_car_16gb` now uses
  `zipformer-int8-highmem` instead. Compact and Zipformer products do not copy
  this archive into their images.

## JNA runtime

* Artifact: `net.java.dev.jna:jna:5.18.1@aar`
* Download: https://repo1.maven.org/maven2/net/java/dev/jna/jna/5.18.1/jna-5.18.1.aar
* Source snapshot: `provenance/sources/jna-5.18.1-sources.jar`
* Upstream source: https://github.com/java-native-access/jna/tree/5.18.1
* License: Apache-2.0 OR LGPL-2.1-or-later. This build uses the Apache option;
  notices are in `../LICENSES/`.
* AAR SHA-256: `7f053e3ec99e14dd71259c82c1c8a02738d64a13c31226b2acc170f3060951e0`
* Sources SHA-256: `0b9224e215b3c6a464959e3f994ddd64c14d46fb4014facd6afa1cc18e469466`

## sherpa-onnx Android ASR runtime

* Upstream: https://github.com/k2-fsa/sherpa-onnx/tree/v1.13.4
* Tag: `v1.13.4`
* Commit: `142807252687d81b40d6315f23470a1512a00de3`
* Source archive:
  `provenance/sources/sherpa-onnx-v1.13.4-142807252687d81b40d6315f23470a1512a00de3.tar.gz`
* Source archive SHA-256:
  `11d1be9ab4a0c67d5cb238ca554522752c5e981173f91d42ddcda1b79b260c38`
* Caramel patch:
  `provenance/patches/sherpa-onnx-online-batch-decode.patch`
* Caramel patch SHA-256:
  `6611a24b8f6921749730ef2e18e243c7ffffcbdd60c5394f95a9ea3f134bbbeb`
* Reproducible-build patch:
  `provenance/patches/sherpa-onnx-reproducible-build-paths.patch`
* Reproducible-build patch SHA-256:
  `bc8f969b51253b7bf81fc49c3d6ec6231a453952f8d7528b60e67d271ea102c2`
* Android AAR: `app/libs/sherpa-onnx-1.13.4-arm64-v8a.aar`
* Android AAR SHA-256:
  `cb548bf2e4c297916d92d78a2f68255ff62e9cbb80de7adff8deedbf6ce95a93`
* License: Apache-2.0; notice in `../LICENSES/Apache-2.0.txt` and source
  archive.
* ONNX Runtime: 1.27.0, MIT; `libonnxruntime.so` is included in the AAR and
  the notice is in `../LICENSES/MIT.txt`.
* Build environment: Android NDK `27.2.12479018`, Android platform 28,
  arm64-v8a, shared ONNX Runtime, JNI enabled, TTS and speaker diarization
  disabled, command-line binaries disabled, and the native build defaults to a
  single worker. `../scripts/rebuild-sherpa-onnx-aar.sh` applies the pinned
  Caramel Kotlin-wrapper and reproducible-build patches and rebuilds the
  checked AAR from either the pinned archive or an exact git checkout. The
  wrapper patch exposes sherpa's existing native multi-stream decoder; the
  assistant uses it with a silent companion stream because this Zipformer
  export is unstable when decoded as a singleton batch.

## Kotlin runtime for the sherpa Java API

* Artifact: `org.jetbrains.kotlin:kotlin-stdlib:1.7.20`
* Download: https://repo1.maven.org/maven2/org/jetbrains/kotlin/kotlin-stdlib/1.7.20/kotlin-stdlib-1.7.20.jar
* Source artifact: https://repo1.maven.org/maven2/org/jetbrains/kotlin/kotlin-stdlib/1.7.20/kotlin-stdlib-1.7.20-sources.jar
* Binary: `app/libs/kotlin-stdlib-1.7.20.jar`
* Sources: `provenance/sources/kotlin-stdlib-1.7.20-sources.jar`
* License: Apache-2.0.
* Binary SHA-256:
  `7779ec96b9acbf92ca023858ac04543f9d2c3bdf1722425fff42f25ff3acfc9b`
* Sources SHA-256:
  `e810572ae00218b845036c707660654817528dc792e0eea1f71e3094d3a6fe03`

## Streaming INT8 Zipformer English model

* Artifact: `sherpa-onnx-streaming-zipformer-en-2023-06-21.tar.bz2`
* Download: https://github.com/k2-fsa/sherpa-onnx/releases/download/asr-models/sherpa-onnx-streaming-zipformer-en-2023-06-21.tar.bz2
* Archive SHA-256:
  `455f40e556aa2b20ac9d3bffd603b58002075c1193b4070938540c11efe0a4da`
* Archive size: 506,956,414 bytes. The repository retains only the selected
  INT8 streaming files used by the product, not the unused FP32 models and
  test WAVs from the archive.
* Model origin:
  https://huggingface.co/marcoyang/icefall-libri-giga-pruned-transducer-stateless7-streaming-2023-04-04
* License: Apache-2.0. The upstream model README declaring the license is
  retained beside the model files and copied into the product image.
* Original `bpe.model` SHA-256:
  `c53433de083c4a6ad12d034550ef22de68cec62c4f58932a7b6b8b2f1e743fa5`
* `bpe.vocab` was deterministically exported from that model with sherpa-onnx
  v1.13.4 `scripts/export_bpe_vocab.py` and sentencepiece 0.2.2. Its SHA-256
  is `f191a4935f668fa8cd8e607bcd378404f948321cd3134a5ea13d324ba921673d`.
* Selected-file SHA-256 values:
  * `encoder-epoch-99-avg-1.int8.onnx`:
    `32c98281c7bd8b63e3e142d007251b37f120572e8fdea9a4f5a79ce22b10ec4f`
  * `decoder-epoch-99-avg-1.onnx`:
    `9da02b77cb08826756ec6a88635f35a40374e4164e7c6359121a9145958a6ceb`
  * `joiner-epoch-99-avg-1.int8.onnx`:
    `831477d390e59a61f1b6a6f763b9903e6c6366ff6034f1ddba613be82637122f`
  * `tokens.txt`:
    `49e3c2646595fd907228b3c6787069658f67b17377c60aeb8619c4551b2316fb`
  * `README.md`:
    `eca6e2608d835c6b7ad596b659006dab216ab364928358a96d414e3e1ea4de04`
* `../scripts/fetch-zipformer-assets.sh` downloads the original archive,
  verifies it, selects the shipped files, regenerates `bpe.vocab`, and verifies
  every output.
* Product use: selected by `CARAMEL_VOICE_ASR_MODEL := zipformer-int8`; copied
  to `/product/etc/caramel_voice/models/` and never downloaded at runtime.

## eSpeak NG Android TTS

* Upstream: https://github.com/espeak-ng/espeak-ng/tree/1.52.0/android
* Source commit: `4870adfa25b1a32b4361592f1be8a40337c58d6c`
* Source archive: `provenance/sources/espeak-ng-1.52.0-4870adfa25b1a32b4361592f1be8a40337c58d6c.tar.gz`
* Caramel patch: `provenance/patches/espeak-ng-headless-data.patch`
* Caramel patch SHA-256: `9c0013e6b9f429d6b34e6bff72cf0c7163e8d64470f08e57752e3c177d47df9d`
* License: GPL-3.0-only for eSpeak NG, with Apache-2.0 and BSD-2-Clause
  components plus Unicode UCD data; notices are in `../LICENSES/` and the
  source archive. The extracted `COPYING.UCD` notice SHA-256 is
  `be029c50df83105a810e391778b6edcb522d6cb4b4e142332aca54437a499bf7`.
* Rebuild: `cd android && ./gradlew assembleRelease` with NDK
  `26.1.10909125`, CMake `3.22.1`, and compile SDK 34.
* Patched APK SHA-256: `81e9e3c4761536f424bd37fcd86bef9ee71c3eb5cf0349509b51a395b1b83ebe`
* Source archive SHA-256: `f93ebf3d8ff2a0d5bdf8833af9b5bb65c59e4b6f3ad6ff6ea26194447e187c02`

## Kokoro Android TTS engine

* Engine: sherpa-onnx v1.13.4, Android SherpaOnnxTtsEngine
* Engine source: https://github.com/k2-fsa/sherpa-onnx/tree/v1.13.4/android/SherpaOnnxTtsEngine
* Engine license: Apache-2.0
* Model: kokoro-en-v0_19 (English, 11 speakers, 24 kHz)
* Model source: https://github.com/k2-fsa/sherpa-onnx/releases/download/tts-models/kokoro-en-v0_19.tar.bz2
* Model origin: https://github.com/thewh1teagle/kokoro-onnx/releases/tag/model-files
* Model license: Apache-2.0; the model LICENSE is retained in the APK assets
* Upstream APK baseline: https://huggingface.co/csukuangfj2/sherpa-onnx-apk/resolve/main/tts-engine-new/1.13.4/sherpa-onnx-1.13.4-arm64-v8a-eng-tts-engine-kokoro-en-v0_19.apk
* Upstream APK SHA-256: 4575a5ba1abe7e515e93811588270375fcf3c61140c563921cadf1eb2f24a20d
* Caramel APK patch: provenance/patches/sherpa-kokoro-named-voices.patch
* Caramel patch SHA-256: 25941895486d7c1f0d01ed34c40823aa3c5bc9a4b29da30d00acf8ad56069e30
* Caramel unsigned APK SHA-256: d08850d9248cda7e477be6a7354085132b5a0c086eb572542a3666eef09fdb03
* Caramel APK size: 316 MiB; it contains the model and arm64-v8a sherpa/ONNX Runtime libraries.
* ONNX Runtime: MIT; notice in ../LICENSES/MIT.txt.
* Embedded eSpeak NG pronunciation data: GPL-3.0-only; corresponding source and
  notices are retained in the eSpeak section above and ../LICENSES/.
* Speaker IDs: 0 af, 1 af_bella, 2 af_nicole, 3 af_sarah, 4 af_sky, 5 am_adam,
  6 am_michael, 7 bf_emma, 8 bf_isabella, 9 bm_george, 10 bm_lewis.
* The Caramel patch replaces the numeric speaker-ID field with a named
  dropdown while retaining the upstream speaker_id preference key, and
  clamps saved IDs to the model's valid range.

## Built prebuilts

* `app/prebuilts/CaramelVoiceAssistant-0.3.0.apk`
  SHA-256: `8ddbbbd0f973c1fab7cfba413eec985bc049a378cd14f90cab921893a572db92`
* `app/prebuilts/CaramelEspeakTts-1.52.0.apk`
  SHA-256: `81e9e3c4761536f424bd37fcd86bef9ee71c3eb5cf0349509b51a395b1b83ebe`
* `app/prebuilts/SherpaKokoroTts-1.13.4.apk`
  SHA-256: `d08850d9248cda7e477be6a7354085132b5a0c086eb572542a3666eef09fdb03`
