# Caramel Vanilla offline voice stack provenance
# SHA-256 values were recorded on 2026-08-05.

## Caramel source

* Repository: https://github.com/radiosound-com/android_packages_apps_Caramel_Voice
* License: Apache-2.0 (see ../LICENSE)
* Build: `ANDROID_HOME=/path/to/sdk ./gradlew assembleRelease`

## Vosk Android runtime

* Artifact: `com.alphacephei:vosk-android:0.3.75`
* Download: https://repo1.maven.org/maven2/com/alphacephei/vosk-android/0.3.75/vosk-android-0.3.75.aar
* Source snapshot: `provenance/sources/vosk-android-0.3.75-sources.jar`
* Source artifact: https://repo1.maven.org/maven2/com/alphacephei/vosk-android/0.3.75/vosk-android-0.3.75-sources.jar
* Upstream source: https://github.com/alphacep/vosk-api/tree/master/android
* License: Apache-2.0; notice in `../LICENSES/Vosk-Apache-2.0.txt`
* AAR SHA-256: `ab2f8b91ac8051561aa325546b35fed9a68b36b8121bac5c6fb927525c4adfad`
* Sources SHA-256: `e4c65b8b5bc6eda351c5fb29cfa4249f29bc9e8b5e346d168185815f59954446`

## Vosk model

* Artifact: `vosk-model-small-en-us-0.15.zip`
* Download: https://alphacephei.com/vosk/models/vosk-model-small-en-us-0.15.zip
* License: Apache-2.0, per the Vosk model catalog; model README copyright is
  Alpha Cephei Inc. The README is retained inside the archive.
* SHA-256: `30f26242c4eb449f948e42cb302dd7a686cb29a3423a8367f99ff41780942498`

## Vosk large-graph model

* Artifact: `vosk-model-en-us-0.22-lgraph.zip`
* Download: https://alphacephei.com/vosk/models/vosk-model-en-us-0.22-lgraph.zip
* License: Apache-2.0, per the Vosk model catalog; the model README is
  retained inside the archive.
* SHA-256: `d9838b4aaa82a75c4a17f5aca300eaca129aaab2a7cbf951bafbb500eb9c4334`
* Archive size: 125 MiB; unpacked size: approximately 204 MiB.
* Product use: included only by `aosp_rpi5_car_16gb`; the compact product
  does not copy this archive into its image.

## JNA runtime

* Artifact: `net.java.dev.jna:jna:5.18.1@aar`
* Download: https://repo1.maven.org/maven2/net/java/dev/jna/jna/5.18.1/jna-5.18.1.aar
* Source snapshot: `provenance/sources/jna-5.18.1-sources.jar`
* Upstream source: https://github.com/java-native-access/jna/tree/5.18.1
* License: Apache-2.0 OR LGPL-2.1-or-later. This build uses the Apache option;
  notices are in `../LICENSES/`.
* AAR SHA-256: `7f053e3ec99e14dd71259c82c1c8a02738d64a13c31226b2acc170f3060951e0`
* Sources SHA-256: `0b9224e215b3c6a464959e3f994ddd64c14d46fb4014facd6afa1cc18e469466`

## eSpeak NG Android TTS

* Upstream: https://github.com/espeak-ng/espeak-ng/tree/1.52.0/android
* Source commit: `4870adfa25b1a32b4361592f1be8a40337c58d6c`
* Source archive: `provenance/sources/espeak-ng-1.52.0-4870adfa25b1a32b4361592f1be8a40337c58d6c.tar.gz`
* Caramel patch: `provenance/patches/espeak-ng-headless-data.patch`
* Caramel patch SHA-256: `9c0013e6b9f429d6b34e6bff72cf0c7163e8d64470f08e57752e3c177d47df9d`
* License: GPL-3.0-only for eSpeak NG, with Apache-2.0 and BSD-2-Clause
  components plus Unicode UCD data; notices are in `../LICENSES/` and the
  source archive. The extracted `COPYING.UCD` notice SHA-256 is
  `be029c50df83105a810e391778b6edcb522d6cb4b4e142332aca54437a499bf7`.
* Rebuild: `cd android && ./gradlew assembleRelease` with NDK
  `26.1.10909125`, CMake `3.22.1`, and compile SDK 34.
* Patched APK SHA-256: `81e9e3c4761536f424bd37fcd86bef9ee71c3eb5cf0349509b51a395b1b83ebe`
* Source archive SHA-256: `f93ebf3d8ff2a0d5bdf8833af9b5bb65c59e4b6f3ad6ff6ea26194447e187c02`

## Built prebuilts

* `app/prebuilts/CaramelVoiceAssistant-0.1.0.apk`
  SHA-256: `3a7e618ffe7deb02328ec49258c5a2aafe9737535a1c404160895f1854fd7c24`
* `app/prebuilts/CaramelEspeakTts-1.52.0.apk`
  SHA-256: `81e9e3c4761536f424bd37fcd86bef9ee71c3eb5cf0349509b51a395b1b83ebe`
